
Microsoft Visual Studio Solution File, Format Version 12.00
# Visual Studio Version 17
VisualStudioVersion = 17.3.32929.385
MinimumVisualStudioVersion = 10.0.40219.1
Project("{FAE04EC0-301F-11D3-BF4B-00C04F79EFBC}") = "MVCIntro", "MVCIntro\MVCIntro.csproj", "{49315439-2942-4B2B-9EB0-EB9B782CCB99}"
EndProject
Global
	GlobalSection(SolutionConfigurationPlatforms) = preSolution
		Debug|Any CPU = Debug|Any CPU
		Release|Any CPU = Release|Any CPU
	EndGlobalSection
	GlobalSection(ProjectConfigurationPlatforms) = postSolution
		{49315439-2942-4B2B-9EB0-EB9B782CCB99}.Debug|Any CPU.ActiveCfg = Debug|Any CPU
		{49315439-2942-4B2B-9EB0-EB9B782CCB99}.Debug|Any CPU.Build.0 = Debug|Any CPU
		{49315439-2942-4B2B-9EB0-EB9B782CCB99}.Release|Any CPU.ActiveCfg = Release|Any CPU
		{49315439-2942-4B2B-9EB0-EB9B782CCB99}.Release|Any CPU.Build.0 = Release|Any CPU
	EndGlobalSection
	GlobalSection(SolutionProperties) = preSolution
		HideSolutionNode = FALSE
	EndGlobalSection
	GlobalSection(ExtensibilityGlobals) = postSolution
		SolutionGuid = {45472BBA-B634-4428-9C83-2EF0B4D4C31D}
	EndGlobalSection
EndGlobal
